
Microsoft Visual Studio Solution File, Format Version 12.00
# Visual Studio Version 17
VisualStudioVersion = 17.11.35222.181
MinimumVisualStudioVersion = 10.0.40219.1
Project("{2150E333-8FDC-42A3-9474-1A3956D46DE8}") = "src", "src", "{A1000000-0000-0000-0000-000000000001}"
EndProject
Project("{2150E333-8FDC-42A3-9474-1A3956D46DE8}") = "Core", "Core", "{A1000000-0000-0000-0000-000000000002}"
EndProject
Project("{2150E333-8FDC-42A3-9474-1A3956D46DE8}") = "Infrastructure", "Infrastructure", "{A1000000-0000-0000-0000-000000000003}"
EndProject
Project("{2150E333-8FDC-42A3-9474-1A3956D46DE8}") = "Presentation", "Presentation", "{A1000000-0000-0000-0000-000000000004}"
EndProject
Project("{2150E333-8FDC-42A3-9474-1A3956D46DE8}") = "Workers", "Workers", "{A1000000-0000-0000-0000-000000000005}"
EndProject
Project("{2150E333-8FDC-42A3-9474-1A3956D46DE8}") = "tests", "tests", "{A1000000-0000-0000-0000-000000000006}"
EndProject
Project("{FAE04EC0-301F-11D3-BF4B-00C04F79EFBC}") = "RestaurantSaaS.Domain", "src\Core\RestaurantSaaS.Domain\RestaurantSaaS.Domain.csproj", "{D85CC011-5FA5-4543-97D0-6222F98BC8D4}"
EndProject
Project("{FAE04EC0-301F-11D3-BF4B-00C04F79EFBC}") = "RestaurantSaaS.Application", "src\Core\RestaurantSaaS.Application\RestaurantSaaS.Application.csproj", "{34BE343E-7915-433D-B2AC-B5AD99E5A767}"
EndProject
Project("{FAE04EC0-301F-11D3-BF4B-00C04F79EFBC}") = "RestaurantSaaS.Infrastructure", "src\Infrastructure\RestaurantSaaS.Infrastructure\RestaurantSaaS.Infrastructure.csproj", "{7149708F-F6C1-4086-B799-2281C888B645}"
EndProject
Project("{FAE04EC0-301F-11D3-BF4B-00C04F79EFBC}") = "RestaurantSaaS.Api", "src\Presentation\RestaurantSaaS.Api\RestaurantSaaS.Api.csproj", "{BAF36CAE-6661-4386-AF47-A694FE467223}"
EndProject
Project("{FAE04EC0-301F-11D3-BF4B-00C04F79EFBC}") = "RestaurantSaaS.Workers", "src\Workers\RestaurantSaaS.Workers\RestaurantSaaS.Workers.csproj", "{8D7CEFB4-0C43-4321-B8CF-9B729DDCD2B3}"
EndProject
Project("{FAE04EC0-301F-11D3-BF4B-00C04F79EFBC}") = "RestaurantSaaS.Domain.UnitTests", "tests\RestaurantSaaS.Domain.UnitTests\RestaurantSaaS.Domain.UnitTests.csproj", "{59FDE5C3-AD75-4821-BBDF-7D8A555DA945}"
EndProject
Project("{FAE04EC0-301F-11D3-BF4B-00C04F79EFBC}") = "RestaurantSaaS.Application.UnitTests", "tests\RestaurantSaaS.Application.UnitTests\RestaurantSaaS.Application.UnitTests.csproj", "{46663879-D56A-4172-B5B8-960931AB6C0D}"
EndProject
Project("{FAE04EC0-301F-11D3-BF4B-00C04F79EFBC}") = "RestaurantSaaS.IntegrationTests", "tests\RestaurantSaaS.IntegrationTests\RestaurantSaaS.IntegrationTests.csproj", "{6692BC1F-A812-4CAA-8CCF-1934893F52D3}"
EndProject
Global
	GlobalSection(SolutionConfigurationPlatforms) = preSolution
		Debug|Any CPU = Debug|Any CPU
		Release|Any CPU = Release|Any CPU
	EndGlobalSection
	GlobalSection(ProjectConfigurationPlatforms) = postSolution
		{D85CC011-5FA5-4543-97D0-6222F98BC8D4}.Debug|Any CPU.ActiveCfg = Debug|Any CPU
		{D85CC011-5FA5-4543-97D0-6222F98BC8D4}.Debug|Any CPU.Build.0 = Debug|Any CPU
		{D85CC011-5FA5-4543-97D0-6222F98BC8D4}.Release|Any CPU.ActiveCfg = Release|Any CPU
		{D85CC011-5FA5-4543-97D0-6222F98BC8D4}.Release|Any CPU.Build.0 = Release|Any CPU
		{34BE343E-7915-433D-B2AC-B5AD99E5A767}.Debug|Any CPU.ActiveCfg = Debug|Any CPU
		{34BE343E-7915-433D-B2AC-B5AD99E5A767}.Debug|Any CPU.Build.0 = Debug|Any CPU
		{34BE343E-7915-433D-B2AC-B5AD99E5A767}.Release|Any CPU.ActiveCfg = Release|Any CPU
		{34BE343E-7915-433D-B2AC-B5AD99E5A767}.Release|Any CPU.Build.0 = Release|Any CPU
		{7149708F-F6C1-4086-B799-2281C888B645}.Debug|Any CPU.ActiveCfg = Debug|Any CPU
		{7149708F-F6C1-4086-B799-2281C888B645}.Debug|Any CPU.Build.0 = Debug|Any CPU
		{7149708F-F6C1-4086-B799-2281C888B645}.Release|Any CPU.ActiveCfg = Release|Any CPU
		{7149708F-F6C1-4086-B799-2281C888B645}.Release|Any CPU.Build.0 = Release|Any CPU
		{BAF36CAE-6661-4386-AF47-A694FE467223}.Debug|Any CPU.ActiveCfg = Debug|Any CPU
		{BAF36CAE-6661-4386-AF47-A694FE467223}.Debug|Any CPU.Build.0 = Debug|Any CPU
		{BAF36CAE-6661-4386-AF47-A694FE467223}.Release|Any CPU.ActiveCfg = Release|Any CPU
		{BAF36CAE-6661-4386-AF47-A694FE467223}.Release|Any CPU.Build.0 = Release|Any CPU
		{8D7CEFB4-0C43-4321-B8CF-9B729DDCD2B3}.Debug|Any CPU.ActiveCfg = Debug|Any CPU
		{8D7CEFB4-0C43-4321-B8CF-9B729DDCD2B3}.Debug|Any CPU.Build.0 = Debug|Any CPU
		{8D7CEFB4-0C43-4321-B8CF-9B729DDCD2B3}.Release|Any CPU.ActiveCfg = Release|Any CPU
		{8D7CEFB4-0C43-4321-B8CF-9B729DDCD2B3}.Release|Any CPU.Build.0 = Release|Any CPU
		{59FDE5C3-AD75-4821-BBDF-7D8A555DA945}.Debug|Any CPU.ActiveCfg = Debug|Any CPU
		{59FDE5C3-AD75-4821-BBDF-7D8A555DA945}.Debug|Any CPU.Build.0 = Debug|Any CPU
		{59FDE5C3-AD75-4821-BBDF-7D8A555DA945}.Release|Any CPU.ActiveCfg = Release|Any CPU
		{59FDE5C3-AD75-4821-BBDF-7D8A555DA945}.Release|Any CPU.Build.0 = Release|Any CPU
		{46663879-D56A-4172-B5B8-960931AB6C0D}.Debug|Any CPU.ActiveCfg = Debug|Any CPU
		{46663879-D56A-4172-B5B8-960931AB6C0D}.Debug|Any CPU.Build.0 = Debug|Any CPU
		{46663879-D56A-4172-B5B8-960931AB6C0D}.Release|Any CPU.ActiveCfg = Release|Any CPU
		{46663879-D56A-4172-B5B8-960931AB6C0D}.Release|Any CPU.Build.0 = Release|Any CPU
		{6692BC1F-A812-4CAA-8CCF-1934893F52D3}.Debug|Any CPU.ActiveCfg = Debug|Any CPU
		{6692BC1F-A812-4CAA-8CCF-1934893F52D3}.Debug|Any CPU.Build.0 = Debug|Any CPU
		{6692BC1F-A812-4CAA-8CCF-1934893F52D3}.Release|Any CPU.ActiveCfg = Release|Any CPU
		{6692BC1F-A812-4CAA-8CCF-1934893F52D3}.Release|Any CPU.Build.0 = Release|Any CPU
	EndGlobalSection
	GlobalSection(SolutionProperties) = preSolution
		HideSolutionNode = FALSE
	EndGlobalSection
	GlobalSection(NestedProjects) = preSolution
		{D85CC011-5FA5-4543-97D0-6222F98BC8D4} = {A1000000-0000-0000-0000-000000000002}
		{34BE343E-7915-433D-B2AC-B5AD99E5A767} = {A1000000-0000-0000-0000-000000000002}
		{7149708F-F6C1-4086-B799-2281C888B645} = {A1000000-0000-0000-0000-000000000003}
		{BAF36CAE-6661-4386-AF47-A694FE467223} = {A1000000-0000-0000-0000-000000000004}
		{8D7CEFB4-0C43-4321-B8CF-9B729DDCD2B3} = {A1000000-0000-0000-0000-000000000005}
		{59FDE5C3-AD75-4821-BBDF-7D8A555DA945} = {A1000000-0000-0000-0000-000000000006}
		{46663879-D56A-4172-B5B8-960931AB6C0D} = {A1000000-0000-0000-0000-000000000006}
		{6692BC1F-A812-4CAA-8CCF-1934893F52D3} = {A1000000-0000-0000-0000-000000000006}
	EndGlobalSection
	GlobalSection(ExtensibilityGlobals) = postSolution
		SolutionGuid = {468121B1-9D97-487B-A651-1EEBC240E214}
	EndGlobalSection
EndGlobal
